
Microsoft Visual Studio Solution File, Format Version 12.00
# Visual Studio 2012
Project("{FAE04EC0-301F-11D3-BF4B-00C04F79EFBC}") = "wpf02", "wpf02\wpf02.csproj", "{7582C7E0-9C39-4E01-BB23-87B7942DACC4}"
EndProject
Global
	GlobalSection(SolutionConfigurationPlatforms) = preSolution
		Debug|Any CPU = Debug|Any CPU
		Release|Any CPU = Release|Any CPU
	EndGlobalSection
	GlobalSection(ProjectConfigurationPlatforms) = postSolution
		{7582C7E0-9C39-4E01-BB23-87B7942DACC4}.Debug|Any CPU.ActiveCfg = Debug|Any CPU
		{7582C7E0-9C39-4E01-BB23-87B7942DACC4}.Debug|Any CPU.Build.0 = Debug|Any CPU
		{7582C7E0-9C39-4E01-BB23-87B7942DACC4}.Release|Any CPU.ActiveCfg = Release|Any CPU
		{7582C7E0-9C39-4E01-BB23-87B7942DACC4}.Release|Any CPU.Build.0 = Release|Any CPU
	EndGlobalSection
	GlobalSection(SolutionProperties) = preSolution
		HideSolutionNode = FALSE
	EndGlobalSection
EndGlobal
