
Microsoft Visual Studio Solution File, Format Version 12.00
# Visual Studio 2012
Project("{FAE04EC0-301F-11D3-BF4B-00C04F79EFBC}") = "wpf-01p", "wpf-01p\wpf-01p.csproj", "{9F76751C-20DF-4B4A-ABE0-DF71430B3570}"
EndProject
Global
	GlobalSection(SolutionConfigurationPlatforms) = preSolution
		Debug|Any CPU = Debug|Any CPU
		Release|Any CPU = Release|Any CPU
	EndGlobalSection
	GlobalSection(ProjectConfigurationPlatforms) = postSolution
		{9F76751C-20DF-4B4A-ABE0-DF71430B3570}.Debug|Any CPU.ActiveCfg = Debug|Any CPU
		{9F76751C-20DF-4B4A-ABE0-DF71430B3570}.Debug|Any CPU.Build.0 = Debug|Any CPU
		{9F76751C-20DF-4B4A-ABE0-DF71430B3570}.Release|Any CPU.ActiveCfg = Release|Any CPU
		{9F76751C-20DF-4B4A-ABE0-DF71430B3570}.Release|Any CPU.Build.0 = Release|Any CPU
	EndGlobalSection
	GlobalSection(SolutionProperties) = preSolution
		HideSolutionNode = FALSE
	EndGlobalSection
EndGlobal
