
Microsoft Visual Studio Solution File, Format Version 12.00
# Visual Studio 2012
Project("{FAE04EC0-301F-11D3-BF4B-00C04F79EFBC}") = "crWordForms", "crWordForms\crWordForms.csproj", "{FDC9FA35-EE15-454D-AF06-1A22BD4998D2}"
EndProject
Global
	GlobalSection(SolutionConfigurationPlatforms) = preSolution
		Debug|Any CPU = Debug|Any CPU
		Release|Any CPU = Release|Any CPU
	EndGlobalSection
	GlobalSection(ProjectConfigurationPlatforms) = postSolution
		{FDC9FA35-EE15-454D-AF06-1A22BD4998D2}.Debug|Any CPU.ActiveCfg = Debug|Any CPU
		{FDC9FA35-EE15-454D-AF06-1A22BD4998D2}.Debug|Any CPU.Build.0 = Debug|Any CPU
		{FDC9FA35-EE15-454D-AF06-1A22BD4998D2}.Release|Any CPU.ActiveCfg = Release|Any CPU
		{FDC9FA35-EE15-454D-AF06-1A22BD4998D2}.Release|Any CPU.Build.0 = Release|Any CPU
	EndGlobalSection
	GlobalSection(SolutionProperties) = preSolution
		HideSolutionNode = FALSE
	EndGlobalSection
EndGlobal
