
Microsoft Visual Studio Solution File, Format Version 12.00
# Visual Studio 2012
Project("{FAE04EC0-301F-11D3-BF4B-00C04F79EFBC}") = "wpf-03", "wpf-03\wpf-03.csproj", "{9F744B8A-A3BA-45D8-B3F0-B812DD95DC0A}"
EndProject
Global
	GlobalSection(SolutionConfigurationPlatforms) = preSolution
		Debug|Any CPU = Debug|Any CPU
		Release|Any CPU = Release|Any CPU
	EndGlobalSection
	GlobalSection(ProjectConfigurationPlatforms) = postSolution
		{9F744B8A-A3BA-45D8-B3F0-B812DD95DC0A}.Debug|Any CPU.ActiveCfg = Debug|Any CPU
		{9F744B8A-A3BA-45D8-B3F0-B812DD95DC0A}.Debug|Any CPU.Build.0 = Debug|Any CPU
		{9F744B8A-A3BA-45D8-B3F0-B812DD95DC0A}.Release|Any CPU.ActiveCfg = Release|Any CPU
		{9F744B8A-A3BA-45D8-B3F0-B812DD95DC0A}.Release|Any CPU.Build.0 = Release|Any CPU
	EndGlobalSection
	GlobalSection(SolutionProperties) = preSolution
		HideSolutionNode = FALSE
	EndGlobalSection
EndGlobal
